
Microsoft Visual Studio Solution File, Format Version 12.00
# Visual Studio Version 17
VisualStudioVersion = 17.4.33213.308
MinimumVisualStudioVersion = 10.0.40219.1
Project("{FAE04EC0-301F-11D3-BF4B-00C04F79EFBC}") = "comp584realapi", "comp584realapi\comp584realapi.csproj", "{C10F7563-6BC2-462F-8F3A-18B3D70AC091}"
EndProject
Global
	GlobalSection(SolutionConfigurationPlatforms) = preSolution
		Debug|Any CPU = Debug|Any CPU
		Release|Any CPU = Release|Any CPU
	EndGlobalSection
	GlobalSection(ProjectConfigurationPlatforms) = postSolution
		{C10F7563-6BC2-462F-8F3A-18B3D70AC091}.Debug|Any CPU.ActiveCfg = Debug|Any CPU
		{C10F7563-6BC2-462F-8F3A-18B3D70AC091}.Debug|Any CPU.Build.0 = Debug|Any CPU
		{C10F7563-6BC2-462F-8F3A-18B3D70AC091}.Release|Any CPU.ActiveCfg = Release|Any CPU
		{C10F7563-6BC2-462F-8F3A-18B3D70AC091}.Release|Any CPU.Build.0 = Release|Any CPU
	EndGlobalSection
	GlobalSection(SolutionProperties) = preSolution
		HideSolutionNode = FALSE
	EndGlobalSection
	GlobalSection(ExtensibilityGlobals) = postSolution
		SolutionGuid = {BE64C461-8160-4FF9-94C0-66228455E2C1}
	EndGlobalSection
EndGlobal
